
Microsoft Visual Studio Solution File, Format Version 12.00
# Visual Studio Version 17
VisualStudioVersion = 17.0.31903.59
MinimumVisualStudioVersion = 10.0.40219.1
Project("{FAE04EC0-301F-11D3-BF4B-00C04F79EFBC}") = "RockPaperScissorsApi", "RockPaperScissorsApi\RockPaperScissorsApi.csproj", "{A8BBAFDB-AFE3-4FD1-A5C9-20788D13B828}"
EndProject
Project("{FAE04EC0-301F-11D3-BF4B-00C04F79EFBC}") = "RockPaperScissorsClient", "RockPaperScissorsClient\RockPaperScissorsClient.csproj", "{B1F9C9C9-A883-45C7-8E4F-A8AE36F05BA9}"
EndProject
Global
	GlobalSection(SolutionConfigurationPlatforms) = preSolution
		Debug|Any CPU = Debug|Any CPU
		Release|Any CPU = Release|Any CPU
	EndGlobalSection
	GlobalSection(SolutionProperties) = preSolution
		HideSolutionNode = FALSE
	EndGlobalSection
	GlobalSection(ProjectConfigurationPlatforms) = postSolution
		{A8BBAFDB-AFE3-4FD1-A5C9-20788D13B828}.Debug|Any CPU.ActiveCfg = Debug|Any CPU
		{A8BBAFDB-AFE3-4FD1-A5C9-20788D13B828}.Debug|Any CPU.Build.0 = Debug|Any CPU
		{A8BBAFDB-AFE3-4FD1-A5C9-20788D13B828}.Release|Any CPU.ActiveCfg = Release|Any CPU
		{A8BBAFDB-AFE3-4FD1-A5C9-20788D13B828}.Release|Any CPU.Build.0 = Release|Any CPU
		{B1F9C9C9-A883-45C7-8E4F-A8AE36F05BA9}.Debug|Any CPU.ActiveCfg = Debug|Any CPU
		{B1F9C9C9-A883-45C7-8E4F-A8AE36F05BA9}.Debug|Any CPU.Build.0 = Debug|Any CPU
		{B1F9C9C9-A883-45C7-8E4F-A8AE36F05BA9}.Release|Any CPU.ActiveCfg = Release|Any CPU
		{B1F9C9C9-A883-45C7-8E4F-A8AE36F05BA9}.Release|Any CPU.Build.0 = Release|Any CPU
	EndGlobalSection
EndGlobal
